// !$*UTF8*$!
{
	archiveVersion = 1;
	classes = {
	};
	objectVersion = 50;
	objects = {

/* Begin PBXBuildFile section */
		EEA5A2AE228A5681006A6624 /* AppDelegate.m in Sources */ = {isa = PBXBuildFile; fileRef = EEA5A2AD228A5681006A6624 /* AppDelegate.m */; };
		EEA5A2B1228A5681006A6624 /* ViewController.m in Sources */ = {isa = PBXBuildFile; fileRef = EEA5A2B0228A5681006A6624 /* ViewController.m */; };
		EEA5A2B4228A5681006A6624 /* Main.storyboard in Resources */ = {isa = PBXBuildFile; fileRef = EEA5A2B2228A5681006A6624 /* Main.storyboard */; };
		EEA5A2B6228A5682006A6624 /* Assets.xcassets in Resources */ = {isa = PBXBuildFile; fileRef = EEA5A2B5228A5682006A6624 /* Assets.xcassets */; };
		EEA5A2B9228A5682006A6624 /* LaunchScreen.storyboard in Resources */ = {isa = PBXBuildFile; fileRef = EEA5A2B7228A5682006A6624 /* LaunchScreen.storyboard */; };
		EEA5A2BC228A5682006A6624 /* main.m in Sources */ = {isa = PBXBuildFile; fileRef = EEA5A2BB228A5682006A6624 /* main.m */; };
		EEA5A2C6228A5682006A6624 /* HelloWordTests.m in Sources */ = {isa = PBXBuildFile; fileRef = EEA5A2C5228A5682006A6624 /* HelloWordTests.m */; };
		EEA5A2D1228A5682006A6624 /* HelloWordUITests.m in Sources */ = {isa = PBXBuildFile; fileRef = EEA5A2D0228A5682006A6624 /* HelloWordUITests.m */; };
/* End PBXBuildFile section */

/* Begin PBXContainerItemProxy section */
		EEA5A2C2228A5682006A6624 /* PBXContainerItemProxy */ = {
			isa = PBXContainerItemProxy;
			containerPortal = EEA5A2A1228A5681006A6624 /* Project object */;
			proxyType = 1;
			remoteGlobalIDString = EEA5A2A8228A5681006A6624;
			remoteInfo = HelloWord;
		};
		EEA5A2CD228A5682006A6624 /* PBXContainerItemProxy */ = {
			isa = PBXContainerItemProxy;
			containerPortal = EEA5A2A1228A5681006A6624 /* Project object */;
			proxyType = 1;
			remoteGlobalIDString = EEA5A2A8228A5681006A6624;
			remoteInfo = HelloWord;
		};
/* End PBXContainerItemProxy section */

/* Begin PBXFileReference section */
		EEA5A2A9228A5681006A6624 /* HelloWord.app */ = {isa = PBXFileReference; explicitFileType = wrapper.application; includeInIndex = 0; path = HelloWord.app; sourceTree = BUILT_PRODUCTS_DIR; };
		EEA5A2AC228A5681006A6624 /* AppDelegate.h */ = {isa = PBXFileReference; lastKnownFileType = sourcecode.c.h; path = AppDelegate.h; sourceTree = "<group>"; };
		EEA5A2AD228A5681006A6624 /* AppDelegate.m */ = {isa = PBXFileReference; lastKnownFileType = sourcecode.c.objc; path = AppDelegate.m; sourceTree = "<group>"; };
		EEA5A2AF228A5681006A6624 /* ViewController.h */ = {isa = PBXFileReference; lastKnownFileType = sourcecode.c.h; path = ViewController.h; sourceTree = "<group>"; };
		EEA5A2B0228A5681006A6624 /* ViewController.m */ = {isa = PBXFileReference; lastKnownFileType = sourcecode.c.objc; path = ViewController.m; sourceTree = "<group>"; };
		EEA5A2B3228A5681006A6624 /* Base */ = {isa = PBXFileReference; lastKnownFileType = file.storyboard; name = Base; path = Base.lproj/Main.storyboard; sourceTree = "<group>"; };
		EEA5A2B5228A5682006A6624 /* Assets.xcassets */ = {isa = PBXFileReference; lastKnownFileType = folder.assetcatalog; path = Assets.xcassets; sourceTree = "<group>"; };
		EEA5A2B8228A5682006A6624 /* Base */ = {isa = PBXFileReference; lastKnownFileType = file.storyboard; name = Base; path = Base.lproj/LaunchScreen.storyboard; sourceTree = "<group>"; };
		EEA5A2BA228A5682006A6624 /* Info.plist */ = {isa = PBXFileReference; lastKnownFileType = text.plist.xml; path = Info.plist; sourceTree = "<group>"; };
		EEA5A2BB228A5682006A6624 /* main.m */ = {isa = PBXFileReference; lastKnownFileType = sourcecode.c.objc; path = main.m; sourceTree = "<group>"; };
		EEA5A2C1228A5682006A6624 /* HelloWordTests.xctest */ = {isa = PBXFileReference; explicitFileType = wrapper.cfbundle; includeInIndex = 0; path = HelloWordTests.xctest; sourceTree = BUILT_PRODUCTS_DIR; };
		EEA5A2C5228A5682006A6624 /* HelloWordTests.m */ = {isa = PBXFileReference; lastKnownFileType = sourcecode.c.objc; path = HelloWordTests.m; sourceTree = "<group>"; };
		EEA5A2C7228A5682006A6624 /* Info.plist */ = {isa = PBXFileReference; lastKnownFileType = text.plist.xml; path = Info.plist; sourceTree = "<group>"; };
		EEA5A2CC228A5682006A6624 /* HelloWordUITests.xctest */ = {isa = PBXFileReference; explicitFileType = wrapper.cfbundle; includeInIndex = 0; path = HelloWordUITests.xctest; sourceTree = BUILT_PRODUCTS_DIR; };
		EEA5A2D0228A5682006A6624 /* HelloWordUITests.m */ = {isa = PBXFileReference; lastKnownFileType = sourcecode.c.objc; path = HelloWordUITests.m; sourceTree = "<group>"; };
		EEA5A2D2228A5682006A6624 /* Info.plist */ = {isa = PBXFileReference; lastKnownFileType = text.plist.xml; path = Info.plist; sourceTree = "<group>"; };
/* End PBXFileReference section */

/* Begin PBXFrameworksBuildPhase section */
		EEA5A2A6228A5681006A6624 /* Frameworks */ = {
			isa = PBXFrameworksBuildPhase;
			buildActionMask = 2147483647;
			files = (
			);
			runOnlyForDeploymentPostprocessing = 0;
		};
		EEA5A2BE228A5682006A6624 /* Frameworks */ = {
			isa = PBXFrameworksBuildPhase;
			buildActionMask = 2147483647;
			files = (
			);
			runOnlyForDeploymentPostprocessing = 0;
		};
		EEA5A2C9228A5682006A6624 /* Frameworks */ = {
			isa = PBXFrameworksBuildPhase;
			buildActionMask = 2147483647;
			files = (
			);
			runOnlyForDeploymentPostprocessing = 0;
		};
/* End PBXFrameworksBuildPhase section */

/* Begin PBXGroup section */
		EEA5A2A0228A5681006A6624 = {
			isa = PBXGroup;
			children = (
				EEA5A2AB228A5681006A6624 /* HelloWord */,
				EEA5A2C4228A5682006A6624 /* HelloWordTests */,
				EEA5A2CF228A5682006A6624 /* HelloWordUITests */,
				EEA5A2AA228A5681006A6624 /* Products */,
			);
			sourceTree = "<group>";
		};
		EEA5A2AA228A5681006A6624 /* Products */ = {
			isa = PBXGroup;
			children = (
				EEA5A2A9228A5681006A6624 /* HelloWord.app */,
				EEA5A2C1228A5682006A6624 /* HelloWordTests.xctest */,
				EEA5A2CC228A5682006A6624 /* HelloWordUITests.xctest */,
			);
			name = Products;
			sourceTree = "<group>";
		};
		EEA5A2AB228A5681006A6624 /* HelloWord */ = {
			isa = PBXGroup;
			children = (
				EEA5A2AC228A5681006A6624 /* AppDelegate.h */,
				EEA5A2AD228A5681006A6624 /* AppDelegate.m */,
				EEA5A2AF228A5681006A6624 /* ViewController.h */,
				EEA5A2B0228A5681006A6624 /* ViewController.m */,
				EEA5A2B2228A5681006A6624 /* Main.storyboard */,
				EEA5A2B5228A5682006A6624 /* Assets.xcassets */,
				EEA5A2B7228A5682006A6624 /* LaunchScreen.storyboard */,
				EEA5A2BA228A5682006A6624 /* Info.plist */,
				EEA5A2BB228A5682006A6624 /* main.m */,
			);
			path = HelloWord;
			sourceTree = "<group>";
		};
		EEA5A2C4228A5682006A6624 /* HelloWordTests */ = {
			isa = PBXGroup;
			children = (
				EEA5A2C5228A5682006A6624 /* HelloWordTests.m */,
				EEA5A2C7228A5682006A6624 /* Info.plist */,
			);
			path = HelloWordTests;
			sourceTree = "<group>";
		};
		EEA5A2CF228A5682006A6624 /* HelloWordUITests */ = {
			isa = PBXGroup;
			children = (
				EEA5A2D0228A5682006A6624 /* HelloWordUITests.m */,
				EEA5A2D2228A5682006A6624 /* Info.plist */,
			);
			path = HelloWordUITests;
			sourceTree = "<group>";
		};
/* End PBXGroup section */

/* Begin PBXNativeTarget section */
		EEA5A2A8228A5681006A6624 /* HelloWord */ = {
			isa = PBXNativeTarget;
			buildConfigurationList = EEA5A2D5228A5682006A6624 /* Build configuration list for PBXNativeTarget "HelloWord" */;
			buildPhases = (
				EEA5A2A5228A5681006A6624 /* Sources */,
				EEA5A2A6228A5681006A6624 /* Frameworks */,
				EEA5A2A7228A5681006A6624 /* Resources */,
			);
			buildRules = (
			);
			dependencies = (
			);
			name = HelloWord;
			productName = HelloWord;
			productReference = EEA5A2A9228A5681006A6624 /* HelloWord.app */;
			productType = "com.apple.product-type.application";
		};
		EEA5A2C0228A5682006A6624 /* HelloWordTests */ = {
			isa = PBXNativeTarget;
			buildConfigurationList = EEA5A2D8228A5682006A6624 /* Build configuration list for PBXNativeTarget "HelloWordTests" */;
			buildPhases = (
				EEA5A2BD228A5682006A6624 /* Sources */,
				EEA5A2BE228A5682006A6624 /* Frameworks */,
				EEA5A2BF228A5682006A6624 /* Resources */,
			);
			buildRules = (
			);
			dependencies = (
				EEA5A2C3228A5682006A6624 /* PBXTargetDependency */,
			);
			name = HelloWordTests;
			productName = HelloWordTests;
			productReference = EEA5A2C1228A5682006A6624 /* HelloWordTests.xctest */;
			productType = "com.apple.product-type.bundle.unit-test";
		};
		EEA5A2CB228A5682006A6624 /* HelloWordUITests */ = {
			isa = PBXNativeTarget;
			buildConfigurationList = EEA5A2DB228A5682006A6624 /* Build configuration list for PBXNativeTarget "HelloWordUITests" */;
			buildPhases = (
				EEA5A2C8228A5682006A6624 /* Sources */,
				EEA5A2C9228A5682006A6624 /* Frameworks */,
				EEA5A2CA228A5682006A6624 /* Resources */,
			);
			buildRules = (
			);
			dependencies = (
				EEA5A2CE228A5682006A6624 /* PBXTargetDependency */,
			);
			name = HelloWordUITests;
			productName = HelloWordUITests;
			productReference = EEA5A2CC228A5682006A6624 /* HelloWordUITests.xctest */;
			productType = "com.apple.product-type.bundle.ui-testing";
		};
/* End PBXNativeTarget section */

/* Begin PBXProject section */
		EEA5A2A1228A5681006A6624 /* Project object */ = {
			isa = PBXProject;
			attributes = {
				LastUpgradeCheck = 1020;
				ORGANIZATIONNAME = "千千";
				TargetAttributes = {
					EEA5A2A8228A5681006A6624 = {
						CreatedOnToolsVersion = 10.2.1;
					};
					EEA5A2C0228A5682006A6624 = {
						CreatedOnToolsVersion = 10.2.1;
						TestTargetID = EEA5A2A8228A5681006A6624;
					};
					EEA5A2CB228A5682006A6624 = {
						CreatedOnToolsVersion = 10.2.1;
						TestTargetID = EEA5A2A8228A5681006A6624;
					};
				};
			};
			buildConfigurationList = EEA5A2A4228A5681006A6624 /* Build configuration list for PBXProject "HelloWord" */;
			compatibilityVersion = "Xcode 9.3";
			developmentRegion = en;
			hasScannedForEncodings = 0;
			knownRegions = (
				en,
				Base,
			);
			mainGroup = EEA5A2A0228A5681006A6624;
			productRefGroup = EEA5A2AA228A5681006A6624 /* Products */;
			projectDirPath = "";
			projectRoot = "";
			targets = (
				EEA5A2A8228A5681006A6624 /* HelloWord */,
				EEA5A2C0228A5682006A6624 /* HelloWordTests */,
				EEA5A2CB228A5682006A6624 /* HelloWordUITests */,
			);
		};
/* End PBXProject section */

/* Begin PBXResourcesBuildPhase section */
		EEA5A2A7228A5681006A6624 /* Resources */ = {
			isa = PBXResourcesBuildPhase;
			buildActionMask = 2147483647;
			files = (
				EEA5A2B9228A5682006A6624 /* LaunchScreen.storyboard in Resources */,
				EEA5A2B6228A5682006A6624 /* Assets.xcassets in Resources */,
				EEA5A2B4228A5681006A6624 /* Main.storyboard in Resources */,
			);
			runOnlyForDeploymentPostprocessing = 0;
		};
		EEA5A2BF228A5682006A6624 /* Resources */ = {
			isa = PBXResourcesBuildPhase;
			buildActionMask = 2147483647;
			files = (
			);
			runOnlyForDeploymentPostprocessing = 0;
		};
		EEA5A2CA228A5682006A6624 /* Resources */ = {
			isa = PBXResourcesBuildPhase;
			buildActionMask = 2147483647;
			files = (
			);
			runOnlyForDeploymentPostprocessing = 0;
		};
/* End PBXResourcesBuildPhase section */

/* Begin PBXSourcesBuildPhase section */
		EEA5A2A5228A5681006A6624 /* Sources */ = {
			isa = PBXSourcesBuildPhase;
			buildActionMask = 2147483647;
			files = (
				EEA5A2B1228A5681006A6624 /* ViewController.m in Sources */,
				EEA5A2BC228A5682006A6624 /* main.m in Sources */,
				EEA5A2AE228A5681006A6624 /* AppDelegate.m in Sources */,
			);
			runOnlyForDeploymentPostprocessing = 0;
		};
		EEA5A2BD228A5682006A6624 /* Sources */ = {
			isa = PBXSourcesBuildPhase;
			buildActionMask = 2147483647;
			files = (
				EEA5A2C6228A5682006A6624 /* HelloWordTests.m in Sources */,
			);
			runOnlyForDeploymentPostprocessing = 0;
		};
		EEA5A2C8228A5682006A6624 /* Sources */ = {
			isa = PBXSourcesBuildPhase;
			buildActionMask = 2147483647;
			files = (
				EEA5A2D1228A5682006A6624 /* HelloWordUITests.m in Sources */,
			);
			runOnlyForDeploymentPostprocessing = 0;
		};
/* End PBXSourcesBuildPhase section */

/* Begin PBXTargetDependency section */
		EEA5A2C3228A5682006A6624 /* PBXTargetDependency */ = {
			isa = PBXTargetDependency;
			target = EEA5A2A8228A5681006A6624 /* HelloWord */;
			targetProxy = EEA5A2C2228A5682006A6624 /* PBXContainerItemProxy */;
		};
		EEA5A2CE228A5682006A6624 /* PBXTargetDependency */ = {
			isa = PBXTargetDependency;
			target = EEA5A2A8228A5681006A6624 /* HelloWord */;
			targetProxy = EEA5A2CD228A5682006A6624 /* PBXContainerItemProxy */;
		};
/* End PBXTargetDependency section */

/* Begin PBXVariantGroup section */
		EEA5A2B2228A5681006A6624 /* Main.storyboard */ = {
			isa = PBXVariantGroup;
			children = (
				EEA5A2B3228A5681006A6624 /* Base */,
			);
			name = Main.storyboard;
			sourceTree = "<group>";
		};
		EEA5A2B7228A5682006A6624 /* LaunchScreen.storyboard */ = {
			isa = PBXVariantGroup;
			children = (
				EEA5A2B8228A5682006A6624 /* Base */,
			);
			name = LaunchScreen.storyboard;
			sourceTree = "<group>";
		};
/* End PBXVariantGroup section */

/* Begin XCBuildConfiguration section */
		EEA5A2D3228A5682006A6624 /* Debug */ = {
			isa = XCBuildConfiguration;
			buildSettings = {
				ALWAYS_SEARCH_USER_PATHS = NO;
				CLANG_ANALYZER_NONNULL = YES;
				CLANG_ANALYZER_NUMBER_OBJECT_CONVERSION = YES_AGGRESSIVE;
				CLANG_CXX_LANGUAGE_STANDARD = "gnu++14";
				CLANG_CXX_LIBRARY = "libc++";
				CLANG_ENABLE_MODULES = YES;
				CLANG_ENABLE_OBJC_ARC = YES;
				CLANG_ENABLE_OBJC_WEAK = YES;
				CLANG_WARN_BLOCK_CAPTURE_AUTORELEASING = YES;
				CLANG_WARN_BOOL_CONVERSION = YES;
				CLANG_WARN_COMMA = YES;
				CLANG_WARN_CONSTANT_CONVERSION = YES;
				CLANG_WARN_DEPRECATED_OBJC_IMPLEMENTATIONS = YES;
				CLANG_WARN_DIRECT_OBJC_ISA_USAGE = YES_ERROR;
				CLANG_WARN_DOCUMENTATION_COMMENTS = YES;
				CLANG_WARN_EMPTY_BODY = YES;
				CLANG_WARN_ENUM_CONVERSION = YES;
				CLANG_WARN_INFINITE_RECURSION = YES;
				CLANG_WARN_INT_CONVERSION = YES;
				CLANG_WARN_NON_LITERAL_NULL_CONVERSION = YES;
				CLANG_WARN_OBJC_IMPLICIT_RETAIN_SELF = YES;
				CLANG_WARN_OBJC_LITERAL_CONVERSION = YES;
				CLANG_WARN_OBJC_ROOT_CLASS = YES_ERROR;
				CLANG_WARN_RANGE_LOOP_ANALYSIS = YES;
				CLANG_WARN_STRICT_PROTOTYPES = YES;
				CLANG_WARN_SUSPICIOUS_MOVE = YES;
				CLANG_WARN_UNGUARDED_AVAILABILITY = YES_AGGRESSIVE;
				CLANG_WARN_UNREACHABLE_CODE = YES;
				CLANG_WARN__DUPLICATE_METHOD_MATCH = YES;
				CODE_SIGN_IDENTITY = "iPhone Developer";
				COPY_PHASE_STRIP = NO;
				DEBUG_INFORMATION_FORMAT = dwarf;
				ENABLE_STRICT_OBJC_MSGSEND = YES;
				ENABLE_TESTABILITY = YES;
				GCC_C_LANGUAGE_STANDARD = gnu11;
				GCC_DYNAMIC_NO_PIC = NO;
				GCC_NO_COMMON_BLOCKS = YES;
				GCC_OPTIMIZATION_LEVEL = 0;
				GCC_PREPROCESSOR_DEFINITIONS = (
					"DEBUG=1",
					"$(inherited)",
				);
				GCC_WARN_64_TO_32_BIT_CONVERSION = YES;
				GCC_WARN_ABOUT_RETURN_TYPE = YES_ERROR;
				GCC_WARN_UNDECLARED_SELECTOR = YES;
				GCC_WARN_UNINITIALIZED_AUTOS = YES_AGGRESSIVE;
				GCC_WARN_UNUSED_FUNCTION = YES;
				GCC_WARN_UNUSED_VARIABLE = YES;
				IPHONEOS_DEPLOYMENT_TARGET = 12.2;
				MTL_ENABLE_DEBUG_INFO = INCLUDE_SOURCE;
				MTL_FAST_MATH = YES;
				ONLY_ACTIVE_ARCH = YES;
				SDKROOT = iphoneos;
			};
			name = Debug;
		};
		EEA5A2D4228A5682006A6624 /* Release */ = {
			isa = XCBuildConfiguration;
			buildSettings = {
				ALWAYS_SEARCH_USER_PATHS = NO;
				CLANG_ANALYZER_NONNULL = YES;
				CLANG_ANALYZER_NUMBER_OBJECT_CONVERSION = YES_AGGRESSIVE;
				CLANG_CXX_LANGUAGE_STANDARD = "gnu++14";
				CLANG_CXX_LIBRARY = "libc++";
				CLANG_ENABLE_MODULES = YES;
				CLANG_ENABLE_OBJC_ARC = YES;
				CLANG_ENABLE_OBJC_WEAK = YES;
				CLANG_WARN_BLOCK_CAPTURE_AUTORELEASING = YES;
				CLANG_WARN_BOOL_CONVERSION = YES;
				CLANG_WARN_COMMA = YES;
				CLANG_WARN_CONSTANT_CONVERSION = YES;
				CLANG_WARN_DEPRECATED_OBJC_IMPLEMENTATIONS = YES;
				CLANG_WARN_DIRECT_OBJC_ISA_USAGE = YES_ERROR;
				CLANG_WARN_DOCUMENTATION_COMMENTS = YES;
				CLANG_WARN_EMPTY_BODY = YES;
				CLANG_WARN_ENUM_CONVERSION = YES;
				CLANG_WARN_INFINITE_RECURSION = YES;
				CLANG_WARN_INT_CONVERSION = YES;
				CLANG_WARN_NON_LITERAL_NULL_CONVERSION = YES;
				CLANG_WARN_OBJC_IMPLICIT_RETAIN_SELF = YES;
				CLANG_WARN_OBJC_LITERAL_CONVERSION = YES;
				CLANG_WARN_OBJC_ROOT_CLASS = YES_ERROR;
				CLANG_WARN_RANGE_LOOP_ANALYSIS = YES;
				CLANG_WARN_STRICT_PROTOTYPES = YES;
				CLANG_WARN_SUSPICIOUS_MOVE = YES;
				CLANG_WARN_UNGUARDED_AVAILABILITY = YES_AGGRESSIVE;
				CLANG_WARN_UNREACHABLE_CODE = YES;
				CLANG_WARN__DUPLICATE_METHOD_MATCH = YES;
				CODE_SIGN_IDENTITY = "iPhone Developer";
				COPY_PHASE_STRIP = NO;
				DEBUG_INFORMATION_FORMAT = "dwarf-with-dsym";
				ENABLE_NS_ASSERTIONS = NO;
				ENABLE_STRICT_OBJC_MSGSEND = YES;
				GCC_C_LANGUAGE_STANDARD = gnu11;
				GCC_NO_COMMON_BLOCKS = YES;
				GCC_WARN_64_TO_32_BIT_CONVERSION = YES;
				GCC_WARN_ABOUT_RETURN_TYPE = YES_ERROR;
				GCC_WARN_UNDECLARED_SELECTOR = YES;
				GCC_WARN_UNINITIALIZED_AUTOS = YES_AGGRESSIVE;
				GCC_WARN_UNUSED_FUNCTION = YES;
				GCC_WARN_UNUSED_VARIABLE = YES;
				IPHONEOS_DEPLOYMENT_TARGET = 12.2;
				MTL_ENABLE_DEBUG_INFO = NO;
				MTL_FAST_MATH = YES;
				SDKROOT = iphoneos;
				VALIDATE_PRODUCT = YES;
			};
			name = Release;
		};
		EEA5A2D6228A5682006A6624 /* Debug */ = {
			isa = XCBuildConfiguration;
			buildSettings = {
				ASSETCATALOG_COMPILER_APPICON_NAME = AppIcon;
				CODE_SIGN_STYLE = Automatic;
				DEVELOPMENT_TEAM = 55ST287647;
				INFOPLIST_FILE = HelloWord/Info.plist;
				LD_RUNPATH_SEARCH_PATHS = (
					"$(inherited)",
					"@executable_path/Frameworks",
				);
				PRODUCT_BUNDLE_IDENTIFIER = no.HelloWord;
				PRODUCT_NAME = "$(TARGET_NAME)";
				TARGETED_DEVICE_FAMILY = "1,2";
			};
			name = Debug;
		};
		EEA5A2D7228A5682006A6624 /* Release */ = {
			isa = XCBuildConfiguration;
			buildSettings = {
				ASSETCATALOG_COMPILER_APPICON_NAME = AppIcon;
				CODE_SIGN_STYLE = Automatic;
				DEVELOPMENT_TEAM = 55ST287647;
				INFOPLIST_FILE = HelloWord/Info.plist;
				LD_RUNPATH_SEARCH_PATHS = (
					"$(inherited)",
					"@executable_path/Frameworks",
				);
				PRODUCT_BUNDLE_IDENTIFIER = no.HelloWord;
				PRODUCT_NAME = "$(TARGET_NAME)";
				TARGETED_DEVICE_FAMILY = "1,2";
			};
			name = Release;
		};
		EEA5A2D9228A5682006A6624 /* Debug */ = {
			isa = XCBuildConfiguration;
			buildSettings = {
				BUNDLE_LOADER = "$(TEST_HOST)";
				CODE_SIGN_STYLE = Automatic;
				DEVELOPMENT_TEAM = 55ST287647;
				INFOPLIST_FILE = HelloWordTests/Info.plist;
				LD_RUNPATH_SEARCH_PATHS = (
					"$(inherited)",
					"@executable_path/Frameworks",
					"@loader_path/Frameworks",
				);
				PRODUCT_BUNDLE_IDENTIFIER = no.HelloWordTests;
				PRODUCT_NAME = "$(TARGET_NAME)";
				TARGETED_DEVICE_FAMILY = "1,2";
				TEST_HOST = "$(BUILT_PRODUCTS_DIR)/HelloWord.app/HelloWord";
			};
			name = Debug;
		};
		EEA5A2DA228A5682006A6624 /* Release */ = {
			isa = XCBuildConfiguration;
			buildSettings = {
				BUNDLE_LOADER = "$(TEST_HOST)";
				CODE_SIGN_STYLE = Automatic;
				DEVELOPMENT_TEAM = 55ST287647;
				INFOPLIST_FILE = HelloWordTests/Info.plist;
				LD_RUNPATH_SEARCH_PATHS = (
					"$(inherited)",
					"@executable_path/Frameworks",
					"@loader_path/Frameworks",
				);
				PRODUCT_BUNDLE_IDENTIFIER = no.HelloWordTests;
				PRODUCT_NAME = "$(TARGET_NAME)";
				TARGETED_DEVICE_FAMILY = "1,2";
				TEST_HOST = "$(BUILT_PRODUCTS_DIR)/HelloWord.app/HelloWord";
			};
			name = Release;
		};
		EEA5A2DC228A5682006A6624 /* Debug */ = {
			isa = XCBuildConfiguration;
			buildSettings = {
				CODE_SIGN_STYLE = Automatic;
				DEVELOPMENT_TEAM = 55ST287647;
				INFOPLIST_FILE = HelloWordUITests/Info.plist;
				LD_RUNPATH_SEARCH_PATHS = (
					"$(inherited)",
					"@executable_path/Frameworks",
					"@loader_path/Frameworks",
				);
				PRODUCT_BUNDLE_IDENTIFIER = no.HelloWordUITests;
				PRODUCT_NAME = "$(TARGET_NAME)";
				TARGETED_DEVICE_FAMILY = "1,2";
				TEST_TARGET_NAME = HelloWord;
			};
			name = Debug;
		};
		EEA5A2DD228A5682006A6624 /* Release */ = {
			isa = XCBuildConfiguration;
			buildSettings = {
				CODE_SIGN_STYLE = Automatic;
				DEVELOPMENT_TEAM = 55ST287647;
				INFOPLIST_FILE = HelloWordUITests/Info.plist;
				LD_RUNPATH_SEARCH_PATHS = (
					"$(inherited)",
					"@executable_path/Frameworks",
					"@loader_path/Frameworks",
				);
				PRODUCT_BUNDLE_IDENTIFIER = no.HelloWordUITests;
				PRODUCT_NAME = "$(TARGET_NAME)";
				TARGETED_DEVICE_FAMILY = "1,2";
				TEST_TARGET_NAME = HelloWord;
			};
			name = Release;
		};
/* End XCBuildConfiguration section */

/* Begin XCConfigurationList section */
		EEA5A2A4228A5681006A6624 /* Build configuration list for PBXProject "HelloWord" */ = {
			isa = XCConfigurationList;
			buildConfigurations = (
				EEA5A2D3228A5682006A6624 /* Debug */,
				EEA5A2D4228A5682006A6624 /* Release */,
			);
			defaultConfigurationIsVisible = 0;
			defaultConfigurationName = Release;
		};
		EEA5A2D5228A5682006A6624 /* Build configuration list for PBXNativeTarget "HelloWord" */ = {
			isa = XCConfigurationList;
			buildConfigurations = (
				EEA5A2D6228A5682006A6624 /* Debug */,
				EEA5A2D7228A5682006A6624 /* Release */,
			);
			defaultConfigurationIsVisible = 0;
			defaultConfigurationName = Release;
		};
		EEA5A2D8228A5682006A6624 /* Build configuration list for PBXNativeTarget "HelloWordTests" */ = {
			isa = XCConfigurationList;
			buildConfigurations = (
				EEA5A2D9228A5682006A6624 /* Debug */,
				EEA5A2DA228A5682006A6624 /* Release */,
			);
			defaultConfigurationIsVisible = 0;
			defaultConfigurationName = Release;
		};
		EEA5A2DB228A5682006A6624 /* Build configuration list for PBXNativeTarget "HelloWordUITests" */ = {
			isa = XCConfigurationList;
			buildConfigurations = (
				EEA5A2DC228A5682006A6624 /* Debug */,
				EEA5A2DD228A5682006A6624 /* Release */,
			);
			defaultConfigurationIsVisible = 0;
			defaultConfigurationName = Release;
		};
/* End XCConfigurationList section */
	};
	rootObject = EEA5A2A1228A5681006A6624 /* Project object */;
}
